
Microsoft Visual Studio Solution File, Format Version 12.00
# Visual Studio 15
VisualStudioVersion = 15.0.28307.902
MinimumVisualStudioVersion = 10.0.40219.1
Project("{FAE04EC0-301F-11D3-BF4B-00C04F79EFBC}") = "NunitTestExample", "NunitTestExample\NunitTestExample.csproj", "{0D91496D-CB20-41B2-B81A-0631576A9964}"
EndProject
Global
	GlobalSection(SolutionConfigurationPlatforms) = preSolution
		Debug|Any CPU = Debug|Any CPU
		Release|Any CPU = Release|Any CPU
	EndGlobalSection
	GlobalSection(ProjectConfigurationPlatforms) = postSolution
		{0D91496D-CB20-41B2-B81A-0631576A9964}.Debug|Any CPU.ActiveCfg = Debug|Any CPU
		{0D91496D-CB20-41B2-B81A-0631576A9964}.Debug|Any CPU.Build.0 = Debug|Any CPU
		{0D91496D-CB20-41B2-B81A-0631576A9964}.Release|Any CPU.ActiveCfg = Release|Any CPU
		{0D91496D-CB20-41B2-B81A-0631576A9964}.Release|Any CPU.Build.0 = Release|Any CPU
	EndGlobalSection
	GlobalSection(SolutionProperties) = preSolution
		HideSolutionNode = FALSE
	EndGlobalSection
	GlobalSection(ExtensibilityGlobals) = postSolution
		SolutionGuid = {0BB03C6C-F341-4050-8BE9-52EA3DCB8885}
	EndGlobalSection
EndGlobal
